
Microsoft Visual Studio Solution File, Format Version 12.00
# Visual Studio Version 17
VisualStudioVersion = 17.1.32328.378
MinimumVisualStudioVersion = 10.0.40219.1
Project("{FAE04EC0-301F-11D3-BF4B-00C04F79EFBC}") = "ASPWebAPIFirstCode", "ASPWebAPIFirstCode.csproj", "{14BB61B8-A1C0-4E2A-AE45-7E2951417E09}"
EndProject
Global
	GlobalSection(SolutionConfigurationPlatforms) = preSolution
		Debug|Any CPU = Debug|Any CPU
		Release|Any CPU = Release|Any CPU
	EndGlobalSection
	GlobalSection(ProjectConfigurationPlatforms) = postSolution
		{14BB61B8-A1C0-4E2A-AE45-7E2951417E09}.Debug|Any CPU.ActiveCfg = Debug|Any CPU
		{14BB61B8-A1C0-4E2A-AE45-7E2951417E09}.Debug|Any CPU.Build.0 = Debug|Any CPU
		{14BB61B8-A1C0-4E2A-AE45-7E2951417E09}.Release|Any CPU.ActiveCfg = Release|Any CPU
		{14BB61B8-A1C0-4E2A-AE45-7E2951417E09}.Release|Any CPU.Build.0 = Release|Any CPU
	EndGlobalSection
	GlobalSection(SolutionProperties) = preSolution
		HideSolutionNode = FALSE
	EndGlobalSection
	GlobalSection(ExtensibilityGlobals) = postSolution
		SolutionGuid = {601D4E98-8A82-43D0-A501-2EEB46412474}
	EndGlobalSection
EndGlobal
